<?xml version="1.0" encoding="utf-8"?>
<Project ToolsVersion="4.0" xmlns="http://schemas.microsoft.com/developer/msbuild/2003">
  <ItemGroup>
    <Filter Include="Source Files">
      <UniqueIdentifier>{f05c560e-e91b-44df-8e34-6aac9cf50d09}</UniqueIdentifier>
      <Extensions>cpp;c;cxx;def;odl;idl;hpj;bat;asm</Extensions>
    </Filter>
    <Filter Include="Header Files">
      <UniqueIdentifier>{f6a88e09-2dfc-4ec2-b97d-4c27038c6a52}</UniqueIdentifier>
      <Extensions>h;hpp;hxx;hm;inl;inc</Extensions>
    </Filter>
    <Filter Include="Resource Files">
      <UniqueIdentifier>{1a6c56bb-4a2c-48c6-a9b5-e40c66576cdd}</UniqueIdentifier>
      <Extensions>rc;ico;cur;bmp;dlg;rc2;rct;bin;rgs;jpg;jpeg;jpe;manifest</Extensions>
    </Filter>
  </ItemGroup>
  <ItemGroup>
    <ClCompile Include="ui\aboutDlg.cpp">
      <Filter>Source Files</Filter>
    </ClCompile>
    <ClCompile Include="ui\environmentSettingsPage.cpp">
      <Filter>Source Files</Filter>
    </ClCompile>
    <ClCompile Include="ui\funControlsPage.cpp">
      <Filter>Source Files</Filter>
    </ClCompile>
    <ClCompile Include="Gravitation3D.cpp">
      <Filter>Source Files</Filter>
    </ClCompile>
    <ClCompile Include="ui\gravitation3DControls.cpp">
      <Filter>Source Files</Filter>
    </ClCompile>
    <ClCompile Include="Gravitation3DDoc.cpp">
      <Filter>Source Files</Filter>
    </ClCompile>
    <ClCompile Include="Gravitation3DView.cpp">
      <Filter>Source Files</Filter>
    </ClCompile>
    <ClCompile Include="MainFrm.cpp">
      <Filter>Source Files</Filter>
    </ClCompile>
    <ClCompile Include="ui\planetEditorPage.cpp">
      <Filter>Source Files</Filter>
    </ClCompile>
    <ClCompile Include="ui\registrationDlg.cpp">
      <Filter>Source Files</Filter>
    </ClCompile>
    <ClCompile Include="ui\renderingSettingsPage.cpp">
      <Filter>Source Files</Filter>
    </ClCompile>
    <ClCompile Include="ui\reportDlg.cpp">
      <Filter>Source Files</Filter>
    </ClCompile>
    <ClCompile Include="ui\scalingControlsPage.cpp">
      <Filter>Source Files</Filter>
    </ClCompile>
    <ClCompile Include="ui\simulationSettingsPage.cpp">
      <Filter>Source Files</Filter>
    </ClCompile>
    <ClCompile Include="stdafx.cpp">
      <Filter>Source Files</Filter>
    </ClCompile>
    <ClCompile Include="ui\viewControlsPage.cpp">
      <Filter>Source Files</Filter>
    </ClCompile>
  </ItemGroup>
  <ItemGroup>
    <ClInclude Include="ui\aboutDlg.h">
      <Filter>Header Files</Filter>
    </ClInclude>
    <ClInclude Include="ui\environmentSettingsPage.h">
      <Filter>Header Files</Filter>
    </ClInclude>
    <ClInclude Include="ui\funControlsPage.h">
      <Filter>Header Files</Filter>
    </ClInclude>
    <ClInclude Include="Gravitation3D.h">
      <Filter>Header Files</Filter>
    </ClInclude>
    <ClInclude Include="gravitation3DCallback.h">
      <Filter>Header Files</Filter>
    </ClInclude>
    <ClInclude Include="ui\gravitation3DControls.h">
      <Filter>Header Files</Filter>
    </ClInclude>
    <ClInclude Include="Gravitation3DDoc.h">
      <Filter>Header Files</Filter>
    </ClInclude>
    <ClInclude Include="Gravitation3DView.h">
      <Filter>Header Files</Filter>
    </ClInclude>
    <ClInclude Include="MainFrm.h">
      <Filter>Header Files</Filter>
    </ClInclude>
    <ClInclude Include="ui\planetEditorPage.h">
      <Filter>Header Files</Filter>
    </ClInclude>
    <ClInclude Include="ui\registrationDlg.h">
      <Filter>Header Files</Filter>
    </ClInclude>
    <ClInclude Include="ui\renderingSettingsPage.h">
      <Filter>Header Files</Filter>
    </ClInclude>
    <ClInclude Include="ui\reportDlg.h">
      <Filter>Header Files</Filter>
    </ClInclude>
    <ClInclude Include="Resource.h">
      <Filter>Header Files</Filter>
    </ClInclude>
    <ClInclude Include="ui\scalingControlsPage.h">
      <Filter>Header Files</Filter>
    </ClInclude>
    <ClInclude Include="ui\simulationSettingsPage.h">
      <Filter>Header Files</Filter>
    </ClInclude>
    <ClInclude Include="stdafx.h">
      <Filter>Header Files</Filter>
    </ClInclude>
    <ClInclude Include="ui\viewControlsPage.h">
      <Filter>Header Files</Filter>
    </ClInclude>
  </ItemGroup>
  <ItemGroup>
    <Image Include="res\About.bmp">
      <Filter>Resource Files</Filter>
    </Image>
    <Image Include="res\Gravitation3D.ico">
      <Filter>Resource Files</Filter>
    </Image>
    <Image Include="res\Toolbar.bmp">
      <Filter>Resource Files</Filter>
    </Image>
  </ItemGroup>
  <ItemGroup>
    <ResourceCompile Include="Gravitation3D.rc">
      <Filter>Resource Files</Filter>
    </ResourceCompile>
  </ItemGroup>
  <ItemGroup>
    <None Include="res\Gravitation3D.rc2">
      <Filter>Resource Files</Filter>
    </None>
  </ItemGroup>
</Project>